
Microsoft Visual Studio Solution File, Format Version 12.00
# Visual Studio Version 16
VisualStudioVersion = 16.0.30804.86
MinimumVisualStudioVersion = 10.0.40219.1
Project("{9A19103F-16F7-4668-BE54-9A1E7A4F7556}") = "WebAPI", "Client\WebAPI\WebAPI.csproj", "{3733D3D1-7F8B-4C05-A107-766693F76A0D}"
EndProject
Project("{9A19103F-16F7-4668-BE54-9A1E7A4F7556}") = "WebAPI.Business", "Business\WebAPI.Business\WebAPI.Business.csproj", "{CEF064DD-66CE-4CEF-B8BA-ADEB959F227E}"
EndProject
Project("{9A19103F-16F7-4668-BE54-9A1E7A4F7556}") = "WebAPI.Repository", "Repository\WebAPI.Repository\WebAPI.Repository.csproj", "{52269B28-D14C-4205-BC40-5B44C4406FAD}"
EndProject
Project("{2150E333-8FDC-42A3-9474-1A3956D46DE8}") = "Client", "Client", "{6EB2169F-783B-43EF-8942-684CF41A514B}"
EndProject
Project("{2150E333-8FDC-42A3-9474-1A3956D46DE8}") = "Business", "Business", "{01D7623A-A079-4EE5-9075-FD8A3E94FBBF}"
EndProject
Project("{2150E333-8FDC-42A3-9474-1A3956D46DE8}") = "Repository", "Repository", "{70F6BE17-0F37-468A-A503-6858885C7512}"
EndProject
Project("{2150E333-8FDC-42A3-9474-1A3956D46DE8}") = "Test", "Test", "{3770279C-AD66-4C53-AE2B-CE94D91112CD}"
EndProject
Project("{2150E333-8FDC-42A3-9474-1A3956D46DE8}") = "Client", "Client", "{A5D74916-7FD2-4021-8812-6CA4BFD994D8}"
EndProject
Project("{9A19103F-16F7-4668-BE54-9A1E7A4F7556}") = "WebAPI.Test", "Test\WebAPI.Test\WebAPI.Test.csproj", "{62576B17-3BA2-4FA5-983E-0BFAB9241F2A}"
EndProject
Project("{2150E333-8FDC-42A3-9474-1A3956D46DE8}") = "Business", "Business", "{99CBC0E6-76E0-42EE-A582-C576C86746C6}"
EndProject
Project("{9A19103F-16F7-4668-BE54-9A1E7A4F7556}") = "WebAPI.Business.Test", "Test\WebAPI.Business.Test\WebAPI.Business.Test.csproj", "{DD31BB84-DB8B-41BC-9661-BABA67332327}"
EndProject
Project("{2150E333-8FDC-42A3-9474-1A3956D46DE8}") = "Repository", "Repository", "{58D56919-1351-4F4C-962A-8A2947EFC67D}"
EndProject
Project("{9A19103F-16F7-4668-BE54-9A1E7A4F7556}") = "WebAPI.Repository.Test", "Test\WebAPI.Repository.Test\WebAPI.Repository.Test.csproj", "{B9159951-3484-4BD0-8D2A-A704648E0D18}"
EndProject
Global
	GlobalSection(SolutionConfigurationPlatforms) = preSolution
		Debug|Any CPU = Debug|Any CPU
		Release|Any CPU = Release|Any CPU
	EndGlobalSection
	GlobalSection(ProjectConfigurationPlatforms) = postSolution
		{3733D3D1-7F8B-4C05-A107-766693F76A0D}.Debug|Any CPU.ActiveCfg = Debug|Any CPU
		{3733D3D1-7F8B-4C05-A107-766693F76A0D}.Debug|Any CPU.Build.0 = Debug|Any CPU
		{3733D3D1-7F8B-4C05-A107-766693F76A0D}.Release|Any CPU.ActiveCfg = Release|Any CPU
		{3733D3D1-7F8B-4C05-A107-766693F76A0D}.Release|Any CPU.Build.0 = Release|Any CPU
		{CEF064DD-66CE-4CEF-B8BA-ADEB959F227E}.Debug|Any CPU.ActiveCfg = Debug|Any CPU
		{CEF064DD-66CE-4CEF-B8BA-ADEB959F227E}.Debug|Any CPU.Build.0 = Debug|Any CPU
		{CEF064DD-66CE-4CEF-B8BA-ADEB959F227E}.Release|Any CPU.ActiveCfg = Release|Any CPU
		{CEF064DD-66CE-4CEF-B8BA-ADEB959F227E}.Release|Any CPU.Build.0 = Release|Any CPU
		{52269B28-D14C-4205-BC40-5B44C4406FAD}.Debug|Any CPU.ActiveCfg = Debug|Any CPU
		{52269B28-D14C-4205-BC40-5B44C4406FAD}.Debug|Any CPU.Build.0 = Debug|Any CPU
		{52269B28-D14C-4205-BC40-5B44C4406FAD}.Release|Any CPU.ActiveCfg = Release|Any CPU
		{52269B28-D14C-4205-BC40-5B44C4406FAD}.Release|Any CPU.Build.0 = Release|Any CPU
		{62576B17-3BA2-4FA5-983E-0BFAB9241F2A}.Debug|Any CPU.ActiveCfg = Debug|Any CPU
		{62576B17-3BA2-4FA5-983E-0BFAB9241F2A}.Debug|Any CPU.Build.0 = Debug|Any CPU
		{62576B17-3BA2-4FA5-983E-0BFAB9241F2A}.Release|Any CPU.ActiveCfg = Release|Any CPU
		{62576B17-3BA2-4FA5-983E-0BFAB9241F2A}.Release|Any CPU.Build.0 = Release|Any CPU
		{DD31BB84-DB8B-41BC-9661-BABA67332327}.Debug|Any CPU.ActiveCfg = Debug|Any CPU
		{DD31BB84-DB8B-41BC-9661-BABA67332327}.Debug|Any CPU.Build.0 = Debug|Any CPU
		{DD31BB84-DB8B-41BC-9661-BABA67332327}.Release|Any CPU.ActiveCfg = Release|Any CPU
		{DD31BB84-DB8B-41BC-9661-BABA67332327}.Release|Any CPU.Build.0 = Release|Any CPU
		{B9159951-3484-4BD0-8D2A-A704648E0D18}.Debug|Any CPU.ActiveCfg = Debug|Any CPU
		{B9159951-3484-4BD0-8D2A-A704648E0D18}.Debug|Any CPU.Build.0 = Debug|Any CPU
		{B9159951-3484-4BD0-8D2A-A704648E0D18}.Release|Any CPU.ActiveCfg = Release|Any CPU
		{B9159951-3484-4BD0-8D2A-A704648E0D18}.Release|Any CPU.Build.0 = Release|Any CPU
	EndGlobalSection
	GlobalSection(SolutionProperties) = preSolution
		HideSolutionNode = FALSE
	EndGlobalSection
	GlobalSection(NestedProjects) = preSolution
		{3733D3D1-7F8B-4C05-A107-766693F76A0D} = {6EB2169F-783B-43EF-8942-684CF41A514B}
		{CEF064DD-66CE-4CEF-B8BA-ADEB959F227E} = {01D7623A-A079-4EE5-9075-FD8A3E94FBBF}
		{52269B28-D14C-4205-BC40-5B44C4406FAD} = {70F6BE17-0F37-468A-A503-6858885C7512}
		{A5D74916-7FD2-4021-8812-6CA4BFD994D8} = {3770279C-AD66-4C53-AE2B-CE94D91112CD}
		{62576B17-3BA2-4FA5-983E-0BFAB9241F2A} = {A5D74916-7FD2-4021-8812-6CA4BFD994D8}
		{99CBC0E6-76E0-42EE-A582-C576C86746C6} = {3770279C-AD66-4C53-AE2B-CE94D91112CD}
		{DD31BB84-DB8B-41BC-9661-BABA67332327} = {99CBC0E6-76E0-42EE-A582-C576C86746C6}
		{58D56919-1351-4F4C-962A-8A2947EFC67D} = {3770279C-AD66-4C53-AE2B-CE94D91112CD}
		{B9159951-3484-4BD0-8D2A-A704648E0D18} = {58D56919-1351-4F4C-962A-8A2947EFC67D}
	EndGlobalSection
	GlobalSection(ExtensibilityGlobals) = postSolution
		SolutionGuid = {64301A46-E19A-46A9-B200-231EEF634143}
	EndGlobalSection
EndGlobal
